// !$*UTF8*$!
{
	archiveVersion = 1;
	classes = {
	};
	objectVersion = 55;
	objects = {

/* Begin PBXBuildFile section */
		8B4E3EBA284B3C93002F539C /* AppDelegate.m in Sources */ = {isa = PBXBuildFile; fileRef = 8B4E3EB9284B3C93002F539C /* AppDelegate.m */; };
		8B4E3EBD284B3C93002F539C /* SceneDelegate.m in Sources */ = {isa = PBXBuildFile; fileRef = 8B4E3EBC284B3C93002F539C /* SceneDelegate.m */; };
		8B4E3EC0284B3C93002F539C /* ViewController.m in Sources */ = {isa = PBXBuildFile; fileRef = 8B4E3EBF284B3C93002F539C /* ViewController.m */; };
		8B4E3EC3284B3C94002F539C /* Main.storyboard in Resources */ = {isa = PBXBuildFile; fileRef = 8B4E3EC1284B3C94002F539C /* Main.storyboard */; };
		8B4E3EC5284B3C95002F539C /* Assets.xcassets in Resources */ = {isa = PBXBuildFile; fileRef = 8B4E3EC4284B3C95002F539C /* Assets.xcassets */; };
		8B4E3EC8284B3C95002F539C /* LaunchScreen.storyboard in Resources */ = {isa = PBXBuildFile; fileRef = 8B4E3EC6284B3C95002F539C /* LaunchScreen.storyboard */; };
		8B4E3ECB284B3C95002F539C /* main.m in Sources */ = {isa = PBXBuildFile; fileRef = 8B4E3ECA284B3C95002F539C /* main.m */; };
		8B4E3ED5284B3C95002F539C /* breakmedaddyTests.m in Sources */ = {isa = PBXBuildFile; fileRef = 8B4E3ED4284B3C95002F539C /* breakmedaddyTests.m */; };
		8B4E3EDF284B3C95002F539C /* breakmedaddyUITests.m in Sources */ = {isa = PBXBuildFile; fileRef = 8B4E3EDE284B3C95002F539C /* breakmedaddyUITests.m */; };
		8B4E3EE1284B3C95002F539C /* breakmedaddyUITestsLaunchTests.m in Sources */ = {isa = PBXBuildFile; fileRef = 8B4E3EE0284B3C95002F539C /* breakmedaddyUITestsLaunchTests.m */; };
/* End PBXBuildFile section */

/* Begin PBXContainerItemProxy section */
		8B4E3ED1284B3C95002F539C /* PBXContainerItemProxy */ = {
			isa = PBXContainerItemProxy;
			containerPortal = 8B4E3EAD284B3C93002F539C /* Project object */;
			proxyType = 1;
			remoteGlobalIDString = 8B4E3EB4284B3C93002F539C;
			remoteInfo = breakmedaddy;
		};
		8B4E3EDB284B3C95002F539C /* PBXContainerItemProxy */ = {
			isa = PBXContainerItemProxy;
			containerPortal = 8B4E3EAD284B3C93002F539C /* Project object */;
			proxyType = 1;
			remoteGlobalIDString = 8B4E3EB4284B3C93002F539C;
			remoteInfo = breakmedaddy;
		};
/* End PBXContainerItemProxy section */

/* Begin PBXFileReference section */
		8B4E3EB5284B3C93002F539C /* breakmedaddy.app */ = {isa = PBXFileReference; explicitFileType = wrapper.application; includeInIndex = 0; path = breakmedaddy.app; sourceTree = BUILT_PRODUCTS_DIR; };
		8B4E3EB8284B3C93002F539C /* AppDelegate.h */ = {isa = PBXFileReference; lastKnownFileType = sourcecode.c.h; path = AppDelegate.h; sourceTree = "<group>"; };
		8B4E3EB9284B3C93002F539C /* AppDelegate.m */ = {isa = PBXFileReference; lastKnownFileType = sourcecode.c.objc; path = AppDelegate.m; sourceTree = "<group>"; };
		8B4E3EBB284B3C93002F539C /* SceneDelegate.h */ = {isa = PBXFileReference; lastKnownFileType = sourcecode.c.h; path = SceneDelegate.h; sourceTree = "<group>"; };
		8B4E3EBC284B3C93002F539C /* SceneDelegate.m */ = {isa = PBXFileReference; lastKnownFileType = sourcecode.c.objc; path = SceneDelegate.m; sourceTree = "<group>"; };
		8B4E3EBE284B3C93002F539C /* ViewController.h */ = {isa = PBXFileReference; lastKnownFileType = sourcecode.c.h; path = ViewController.h; sourceTree = "<group>"; };
		8B4E3EBF284B3C93002F539C /* ViewController.m */ = {isa = PBXFileReference; lastKnownFileType = sourcecode.c.objc; path = ViewController.m; sourceTree = "<group>"; };
		8B4E3EC2284B3C94002F539C /* Base */ = {isa = PBXFileReference; lastKnownFileType = file.storyboard; name = Base; path = Base.lproj/Main.storyboard; sourceTree = "<group>"; };
		8B4E3EC4284B3C95002F539C /* Assets.xcassets */ = {isa = PBXFileReference; lastKnownFileType = folder.assetcatalog; path = Assets.xcassets; sourceTree = "<group>"; };
		8B4E3EC7284B3C95002F539C /* Base */ = {isa = PBXFileReference; lastKnownFileType = file.storyboard; name = Base; path = Base.lproj/LaunchScreen.storyboard; sourceTree = "<group>"; };
		8B4E3EC9284B3C95002F539C /* Info.plist */ = {isa = PBXFileReference; lastKnownFileType = text.plist.xml; path = Info.plist; sourceTree = "<group>"; };
		8B4E3ECA284B3C95002F539C /* main.m */ = {isa = PBXFileReference; lastKnownFileType = sourcecode.c.objc; path = main.m; sourceTree = "<group>"; };
		8B4E3ED0284B3C95002F539C /* breakmedaddyTests.xctest */ = {isa = PBXFileReference; explicitFileType = wrapper.cfbundle; includeInIndex = 0; path = breakmedaddyTests.xctest; sourceTree = BUILT_PRODUCTS_DIR; };
		8B4E3ED4284B3C95002F539C /* breakmedaddyTests.m */ = {isa = PBXFileReference; lastKnownFileType = sourcecode.c.objc; path = breakmedaddyTests.m; sourceTree = "<group>"; };
		8B4E3EDA284B3C95002F539C /* breakmedaddyUITests.xctest */ = {isa = PBXFileReference; explicitFileType = wrapper.cfbundle; includeInIndex = 0; path = breakmedaddyUITests.xctest; sourceTree = BUILT_PRODUCTS_DIR; };
		8B4E3EDE284B3C95002F539C /* breakmedaddyUITests.m */ = {isa = PBXFileReference; lastKnownFileType = sourcecode.c.objc; path = breakmedaddyUITests.m; sourceTree = "<group>"; };
		8B4E3EE0284B3C95002F539C /* breakmedaddyUITestsLaunchTests.m */ = {isa = PBXFileReference; lastKnownFileType = sourcecode.c.objc; path = breakmedaddyUITestsLaunchTests.m; sourceTree = "<group>"; };
/* End PBXFileReference section */

/* Begin PBXFrameworksBuildPhase section */
		8B4E3EB2284B3C93002F539C /* Frameworks */ = {
			isa = PBXFrameworksBuildPhase;
			buildActionMask = 2147483647;
			files = (
			);
			runOnlyForDeploymentPostprocessing = 0;
		};
		8B4E3ECD284B3C95002F539C /* Frameworks */ = {
			isa = PBXFrameworksBuildPhase;
			buildActionMask = 2147483647;
			files = (
			);
			runOnlyForDeploymentPostprocessing = 0;
		};
		8B4E3ED7284B3C95002F539C /* Frameworks */ = {
			isa = PBXFrameworksBuildPhase;
			buildActionMask = 2147483647;
			files = (
			);
			runOnlyForDeploymentPostprocessing = 0;
		};
/* End PBXFrameworksBuildPhase section */

/* Begin PBXGroup section */
		8B4E3EAC284B3C93002F539C = {
			isa = PBXGroup;
			children = (
				8B4E3EB7284B3C93002F539C /* breakmedaddy */,
				8B4E3ED3284B3C95002F539C /* breakmedaddyTests */,
				8B4E3EDD284B3C95002F539C /* breakmedaddyUITests */,
				8B4E3EB6284B3C93002F539C /* Products */,
			);
			sourceTree = "<group>";
		};
		8B4E3EB6284B3C93002F539C /* Products */ = {
			isa = PBXGroup;
			children = (
				8B4E3EB5284B3C93002F539C /* breakmedaddy.app */,
				8B4E3ED0284B3C95002F539C /* breakmedaddyTests.xctest */,
				8B4E3EDA284B3C95002F539C /* breakmedaddyUITests.xctest */,
			);
			name = Products;
			sourceTree = "<group>";
		};
		8B4E3EB7284B3C93002F539C /* breakmedaddy */ = {
			isa = PBXGroup;
			children = (
				8B4E3EB8284B3C93002F539C /* AppDelegate.h */,
				8B4E3EB9284B3C93002F539C /* AppDelegate.m */,
				8B4E3EBB284B3C93002F539C /* SceneDelegate.h */,
				8B4E3EBC284B3C93002F539C /* SceneDelegate.m */,
				8B4E3EBE284B3C93002F539C /* ViewController.h */,
				8B4E3EBF284B3C93002F539C /* ViewController.m */,
				8B4E3EC1284B3C94002F539C /* Main.storyboard */,
				8B4E3EC4284B3C95002F539C /* Assets.xcassets */,
				8B4E3EC6284B3C95002F539C /* LaunchScreen.storyboard */,
				8B4E3EC9284B3C95002F539C /* Info.plist */,
				8B4E3ECA284B3C95002F539C /* main.m */,
			);
			path = breakmedaddy;
			sourceTree = "<group>";
		};
		8B4E3ED3284B3C95002F539C /* breakmedaddyTests */ = {
			isa = PBXGroup;
			children = (
				8B4E3ED4284B3C95002F539C /* breakmedaddyTests.m */,
			);
			path = breakmedaddyTests;
			sourceTree = "<group>";
		};
		8B4E3EDD284B3C95002F539C /* breakmedaddyUITests */ = {
			isa = PBXGroup;
			children = (
				8B4E3EDE284B3C95002F539C /* breakmedaddyUITests.m */,
				8B4E3EE0284B3C95002F539C /* breakmedaddyUITestsLaunchTests.m */,
			);
			path = breakmedaddyUITests;
			sourceTree = "<group>";
		};
/* End PBXGroup section */

/* Begin PBXNativeTarget section */
		8B4E3EB4284B3C93002F539C /* breakmedaddy */ = {
			isa = PBXNativeTarget;
			buildConfigurationList = 8B4E3EE4284B3C95002F539C /* Build configuration list for PBXNativeTarget "breakmedaddy" */;
			buildPhases = (
				8B4E3EB1284B3C93002F539C /* Sources */,
				8B4E3EB2284B3C93002F539C /* Frameworks */,
				8B4E3EB3284B3C93002F539C /* Resources */,
			);
			buildRules = (
			);
			dependencies = (
			);
			name = breakmedaddy;
			productName = breakmedaddy;
			productReference = 8B4E3EB5284B3C93002F539C /* breakmedaddy.app */;
			productType = "com.apple.product-type.application";
		};
		8B4E3ECF284B3C95002F539C /* breakmedaddyTests */ = {
			isa = PBXNativeTarget;
			buildConfigurationList = 8B4E3EE7284B3C95002F539C /* Build configuration list for PBXNativeTarget "breakmedaddyTests" */;
			buildPhases = (
				8B4E3ECC284B3C95002F539C /* Sources */,
				8B4E3ECD284B3C95002F539C /* Frameworks */,
				8B4E3ECE284B3C95002F539C /* Resources */,
			);
			buildRules = (
			);
			dependencies = (
				8B4E3ED2284B3C95002F539C /* PBXTargetDependency */,
			);
			name = breakmedaddyTests;
			productName = breakmedaddyTests;
			productReference = 8B4E3ED0284B3C95002F539C /* breakmedaddyTests.xctest */;
			productType = "com.apple.product-type.bundle.unit-test";
		};
		8B4E3ED9284B3C95002F539C /* breakmedaddyUITests */ = {
			isa = PBXNativeTarget;
			buildConfigurationList = 8B4E3EEA284B3C95002F539C /* Build configuration list for PBXNativeTarget "breakmedaddyUITests" */;
			buildPhases = (
				8B4E3ED6284B3C95002F539C /* Sources */,
				8B4E3ED7284B3C95002F539C /* Frameworks */,
				8B4E3ED8284B3C95002F539C /* Resources */,
			);
			buildRules = (
			);
			dependencies = (
				8B4E3EDC284B3C95002F539C /* PBXTargetDependency */,
			);
			name = breakmedaddyUITests;
			productName = breakmedaddyUITests;
			productReference = 8B4E3EDA284B3C95002F539C /* breakmedaddyUITests.xctest */;
			productType = "com.apple.product-type.bundle.ui-testing";
		};
/* End PBXNativeTarget section */

/* Begin PBXProject section */
		8B4E3EAD284B3C93002F539C /* Project object */ = {
			isa = PBXProject;
			attributes = {
				BuildIndependentTargetsInParallel = 1;
				LastUpgradeCheck = 1340;
				TargetAttributes = {
					8B4E3EB4284B3C93002F539C = {
						CreatedOnToolsVersion = 13.4.1;
					};
					8B4E3ECF284B3C95002F539C = {
						CreatedOnToolsVersion = 13.4.1;
						TestTargetID = 8B4E3EB4284B3C93002F539C;
					};
					8B4E3ED9284B3C95002F539C = {
						CreatedOnToolsVersion = 13.4.1;
						TestTargetID = 8B4E3EB4284B3C93002F539C;
					};
				};
			};
			buildConfigurationList = 8B4E3EB0284B3C93002F539C /* Build configuration list for PBXProject "breakmedaddy" */;
			compatibilityVersion = "Xcode 13.0";
			developmentRegion = en;
			hasScannedForEncodings = 0;
			knownRegions = (
				en,
				Base,
			);
			mainGroup = 8B4E3EAC284B3C93002F539C;
			productRefGroup = 8B4E3EB6284B3C93002F539C /* Products */;
			projectDirPath = "";
			projectRoot = "";
			targets = (
				8B4E3EB4284B3C93002F539C /* breakmedaddy */,
				8B4E3ECF284B3C95002F539C /* breakmedaddyTests */,
				8B4E3ED9284B3C95002F539C /* breakmedaddyUITests */,
			);
		};
/* End PBXProject section */

/* Begin PBXResourcesBuildPhase section */
		8B4E3EB3284B3C93002F539C /* Resources */ = {
			isa = PBXResourcesBuildPhase;
			buildActionMask = 2147483647;
			files = (
				8B4E3EC8284B3C95002F539C /* LaunchScreen.storyboard in Resources */,
				8B4E3EC5284B3C95002F539C /* Assets.xcassets in Resources */,
				8B4E3EC3284B3C94002F539C /* Main.storyboard in Resources */,
			);
			runOnlyForDeploymentPostprocessing = 0;
		};
		8B4E3ECE284B3C95002F539C /* Resources */ = {
			isa = PBXResourcesBuildPhase;
			buildActionMask = 2147483647;
			files = (
			);
			runOnlyForDeploymentPostprocessing = 0;
		};
		8B4E3ED8284B3C95002F539C /* Resources */ = {
			isa = PBXResourcesBuildPhase;
			buildActionMask = 2147483647;
			files = (
			);
			runOnlyForDeploymentPostprocessing = 0;
		};
/* End PBXResourcesBuildPhase section */

/* Begin PBXSourcesBuildPhase section */
		8B4E3EB1284B3C93002F539C /* Sources */ = {
			isa = PBXSourcesBuildPhase;
			buildActionMask = 2147483647;
			files = (
				8B4E3EC0284B3C93002F539C /* ViewController.m in Sources */,
				8B4E3EBA284B3C93002F539C /* AppDelegate.m in Sources */,
				8B4E3ECB284B3C95002F539C /* main.m in Sources */,
				8B4E3EBD284B3C93002F539C /* SceneDelegate.m in Sources */,
			);
			runOnlyForDeploymentPostprocessing = 0;
		};
		8B4E3ECC284B3C95002F539C /* Sources */ = {
			isa = PBXSourcesBuildPhase;
			buildActionMask = 2147483647;
			files = (
				8B4E3ED5284B3C95002F539C /* breakmedaddyTests.m in Sources */,
			);
			runOnlyForDeploymentPostprocessing = 0;
		};
		8B4E3ED6284B3C95002F539C /* Sources */ = {
			isa = PBXSourcesBuildPhase;
			buildActionMask = 2147483647;
			files = (
				8B4E3EE1284B3C95002F539C /* breakmedaddyUITestsLaunchTests.m in Sources */,
				8B4E3EDF284B3C95002F539C /* breakmedaddyUITests.m in Sources */,
			);
			runOnlyForDeploymentPostprocessing = 0;
		};
/* End PBXSourcesBuildPhase section */

/* Begin PBXTargetDependency section */
		8B4E3ED2284B3C95002F539C /* PBXTargetDependency */ = {
			isa = PBXTargetDependency;
			target = 8B4E3EB4284B3C93002F539C /* breakmedaddy */;
			targetProxy = 8B4E3ED1284B3C95002F539C /* PBXContainerItemProxy */;
		};
		8B4E3EDC284B3C95002F539C /* PBXTargetDependency */ = {
			isa = PBXTargetDependency;
			target = 8B4E3EB4284B3C93002F539C /* breakmedaddy */;
			targetProxy = 8B4E3EDB284B3C95002F539C /* PBXContainerItemProxy */;
		};
/* End PBXTargetDependency section */

/* Begin PBXVariantGroup section */
		8B4E3EC1284B3C94002F539C /* Main.storyboard */ = {
			isa = PBXVariantGroup;
			children = (
				8B4E3EC2284B3C94002F539C /* Base */,
			);
			name = Main.storyboard;
			sourceTree = "<group>";
		};
		8B4E3EC6284B3C95002F539C /* LaunchScreen.storyboard */ = {
			isa = PBXVariantGroup;
			children = (
				8B4E3EC7284B3C95002F539C /* Base */,
			);
			name = LaunchScreen.storyboard;
			sourceTree = "<group>";
		};
/* End PBXVariantGroup section */

/* Begin XCBuildConfiguration section */
		8B4E3EE2284B3C95002F539C /* Debug */ = {
			isa = XCBuildConfiguration;
			buildSettings = {
				ALWAYS_SEARCH_USER_PATHS = NO;
				CLANG_ANALYZER_NONNULL = YES;
				CLANG_ANALYZER_NUMBER_OBJECT_CONVERSION = YES_AGGRESSIVE;
				CLANG_CXX_LANGUAGE_STANDARD = "gnu++17";
				CLANG_ENABLE_MODULES = YES;
				CLANG_ENABLE_OBJC_ARC = YES;
				CLANG_ENABLE_OBJC_WEAK = YES;
				CLANG_WARN_BLOCK_CAPTURE_AUTORELEASING = YES;
				CLANG_WARN_BOOL_CONVERSION = YES;
				CLANG_WARN_COMMA = YES;
				CLANG_WARN_CONSTANT_CONVERSION = YES;
				CLANG_WARN_DEPRECATED_OBJC_IMPLEMENTATIONS = YES;
				CLANG_WARN_DIRECT_OBJC_ISA_USAGE = YES_ERROR;
				CLANG_WARN_DOCUMENTATION_COMMENTS = YES;
				CLANG_WARN_EMPTY_BODY = YES;
				CLANG_WARN_ENUM_CONVERSION = YES;
				CLANG_WARN_INFINITE_RECURSION = YES;
				CLANG_WARN_INT_CONVERSION = YES;
				CLANG_WARN_NON_LITERAL_NULL_CONVERSION = YES;
				CLANG_WARN_OBJC_IMPLICIT_RETAIN_SELF = YES;
				CLANG_WARN_OBJC_LITERAL_CONVERSION = YES;
				CLANG_WARN_OBJC_ROOT_CLASS = YES_ERROR;
				CLANG_WARN_QUOTED_INCLUDE_IN_FRAMEWORK_HEADER = YES;
				CLANG_WARN_RANGE_LOOP_ANALYSIS = YES;
				CLANG_WARN_STRICT_PROTOTYPES = YES;
				CLANG_WARN_SUSPICIOUS_MOVE = YES;
				CLANG_WARN_UNGUARDED_AVAILABILITY = YES_AGGRESSIVE;
				CLANG_WARN_UNREACHABLE_CODE = YES;
				CLANG_WARN__DUPLICATE_METHOD_MATCH = YES;
				COPY_PHASE_STRIP = NO;
				DEBUG_INFORMATION_FORMAT = dwarf;
				ENABLE_STRICT_OBJC_MSGSEND = YES;
				ENABLE_TESTABILITY = YES;
				GCC_C_LANGUAGE_STANDARD = gnu11;
				GCC_DYNAMIC_NO_PIC = NO;
				GCC_NO_COMMON_BLOCKS = YES;
				GCC_OPTIMIZATION_LEVEL = 0;
				GCC_PREPROCESSOR_DEFINITIONS = (
					"DEBUG=1",
					"$(inherited)",
				);
				GCC_WARN_64_TO_32_BIT_CONVERSION = YES;
				GCC_WARN_ABOUT_RETURN_TYPE = YES_ERROR;
				GCC_WARN_UNDECLARED_SELECTOR = YES;
				GCC_WARN_UNINITIALIZED_AUTOS = YES_AGGRESSIVE;
				GCC_WARN_UNUSED_FUNCTION = YES;
				GCC_WARN_UNUSED_VARIABLE = YES;
				IPHONEOS_DEPLOYMENT_TARGET = 15.5;
				MTL_ENABLE_DEBUG_INFO = INCLUDE_SOURCE;
				MTL_FAST_MATH = YES;
				ONLY_ACTIVE_ARCH = YES;
				SDKROOT = iphoneos;
			};
			name = Debug;
		};
		8B4E3EE3284B3C95002F539C /* Release */ = {
			isa = XCBuildConfiguration;
			buildSettings = {
				ALWAYS_SEARCH_USER_PATHS = NO;
				CLANG_ANALYZER_NONNULL = YES;
				CLANG_ANALYZER_NUMBER_OBJECT_CONVERSION = YES_AGGRESSIVE;
				CLANG_CXX_LANGUAGE_STANDARD = "gnu++17";
				CLANG_ENABLE_MODULES = YES;
				CLANG_ENABLE_OBJC_ARC = YES;
				CLANG_ENABLE_OBJC_WEAK = YES;
				CLANG_WARN_BLOCK_CAPTURE_AUTORELEASING = YES;
				CLANG_WARN_BOOL_CONVERSION = YES;
				CLANG_WARN_COMMA = YES;
				CLANG_WARN_CONSTANT_CONVERSION = YES;
				CLANG_WARN_DEPRECATED_OBJC_IMPLEMENTATIONS = YES;
				CLANG_WARN_DIRECT_OBJC_ISA_USAGE = YES_ERROR;
				CLANG_WARN_DOCUMENTATION_COMMENTS = YES;
				CLANG_WARN_EMPTY_BODY = YES;
				CLANG_WARN_ENUM_CONVERSION = YES;
				CLANG_WARN_INFINITE_RECURSION = YES;
				CLANG_WARN_INT_CONVERSION = YES;
				CLANG_WARN_NON_LITERAL_NULL_CONVERSION = YES;
				CLANG_WARN_OBJC_IMPLICIT_RETAIN_SELF = YES;
				CLANG_WARN_OBJC_LITERAL_CONVERSION = YES;
				CLANG_WARN_OBJC_ROOT_CLASS = YES_ERROR;
				CLANG_WARN_QUOTED_INCLUDE_IN_FRAMEWORK_HEADER = YES;
				CLANG_WARN_RANGE_LOOP_ANALYSIS = YES;
				CLANG_WARN_STRICT_PROTOTYPES = YES;
				CLANG_WARN_SUSPICIOUS_MOVE = YES;
				CLANG_WARN_UNGUARDED_AVAILABILITY = YES_AGGRESSIVE;
				CLANG_WARN_UNREACHABLE_CODE = YES;
				CLANG_WARN__DUPLICATE_METHOD_MATCH = YES;
				COPY_PHASE_STRIP = NO;
				DEBUG_INFORMATION_FORMAT = "dwarf-with-dsym";
				ENABLE_NS_ASSERTIONS = NO;
				ENABLE_STRICT_OBJC_MSGSEND = YES;
				GCC_C_LANGUAGE_STANDARD = gnu11;
				GCC_NO_COMMON_BLOCKS = YES;
				GCC_WARN_64_TO_32_BIT_CONVERSION = YES;
				GCC_WARN_ABOUT_RETURN_TYPE = YES_ERROR;
				GCC_WARN_UNDECLARED_SELECTOR = YES;
				GCC_WARN_UNINITIALIZED_AUTOS = YES_AGGRESSIVE;
				GCC_WARN_UNUSED_FUNCTION = YES;
				GCC_WARN_UNUSED_VARIABLE = YES;
				IPHONEOS_DEPLOYMENT_TARGET = 15.5;
				MTL_ENABLE_DEBUG_INFO = NO;
				MTL_FAST_MATH = YES;
				SDKROOT = iphoneos;
				VALIDATE_PRODUCT = YES;
			};
			name = Release;
		};
		8B4E3EE5284B3C95002F539C /* Debug */ = {
			isa = XCBuildConfiguration;
			buildSettings = {
				ASSETCATALOG_COMPILER_APPICON_NAME = AppIcon;
				ASSETCATALOG_COMPILER_GLOBAL_ACCENT_COLOR_NAME = AccentColor;
				CODE_SIGN_STYLE = Automatic;
				CURRENT_PROJECT_VERSION = 1;
				DEVELOPMENT_TEAM = SQ8HNCTWC6;
				GENERATE_INFOPLIST_FILE = YES;
				INFOPLIST_FILE = breakmedaddy/Info.plist;
				INFOPLIST_KEY_CFBundleDisplayName = breakmedaddy;
				INFOPLIST_KEY_UIApplicationSupportsIndirectInputEvents = YES;
				INFOPLIST_KEY_UILaunchStoryboardName = Main;
				INFOPLIST_KEY_UIMainStoryboardFile = Main;
				INFOPLIST_KEY_UISupportedInterfaceOrientations_iPad = "UIInterfaceOrientationPortrait UIInterfaceOrientationPortraitUpsideDown UIInterfaceOrientationLandscapeLeft UIInterfaceOrientationLandscapeRight";
				INFOPLIST_KEY_UISupportedInterfaceOrientations_iPhone = "UIInterfaceOrientationPortrait UIInterfaceOrientationLandscapeLeft UIInterfaceOrientationLandscapeRight";
				IPHONEOS_DEPLOYMENT_TARGET = 14.1;
				LD_RUNPATH_SEARCH_PATHS = (
					"$(inherited)",
					"@executable_path/Frameworks",
				);
				MARKETING_VERSION = 1.0;
				PRODUCT_BUNDLE_IDENTIFIER = Lina.breakmedaddy;
				PRODUCT_NAME = "$(TARGET_NAME)";
				SWIFT_EMIT_LOC_STRINGS = YES;
				TARGETED_DEVICE_FAMILY = 1;
			};
			name = Debug;
		};
		8B4E3EE6284B3C95002F539C /* Release */ = {
			isa = XCBuildConfiguration;
			buildSettings = {
				ASSETCATALOG_COMPILER_APPICON_NAME = AppIcon;
				ASSETCATALOG_COMPILER_GLOBAL_ACCENT_COLOR_NAME = AccentColor;
				CODE_SIGN_STYLE = Automatic;
				CURRENT_PROJECT_VERSION = 1;
				DEVELOPMENT_TEAM = SQ8HNCTWC6;
				GENERATE_INFOPLIST_FILE = YES;
				INFOPLIST_FILE = breakmedaddy/Info.plist;
				INFOPLIST_KEY_CFBundleDisplayName = breakmedaddy;
				INFOPLIST_KEY_UIApplicationSupportsIndirectInputEvents = YES;
				INFOPLIST_KEY_UILaunchStoryboardName = Main;
				INFOPLIST_KEY_UIMainStoryboardFile = Main;
				INFOPLIST_KEY_UISupportedInterfaceOrientations_iPad = "UIInterfaceOrientationPortrait UIInterfaceOrientationPortraitUpsideDown UIInterfaceOrientationLandscapeLeft UIInterfaceOrientationLandscapeRight";
				INFOPLIST_KEY_UISupportedInterfaceOrientations_iPhone = "UIInterfaceOrientationPortrait UIInterfaceOrientationLandscapeLeft UIInterfaceOrientationLandscapeRight";
				IPHONEOS_DEPLOYMENT_TARGET = 14.1;
				LD_RUNPATH_SEARCH_PATHS = (
					"$(inherited)",
					"@executable_path/Frameworks",
				);
				MARKETING_VERSION = 1.0;
				PRODUCT_BUNDLE_IDENTIFIER = Lina.breakmedaddy;
				PRODUCT_NAME = "$(TARGET_NAME)";
				SWIFT_EMIT_LOC_STRINGS = YES;
				TARGETED_DEVICE_FAMILY = 1;
			};
			name = Release;
		};
		8B4E3EE8284B3C95002F539C /* Debug */ = {
			isa = XCBuildConfiguration;
			buildSettings = {
				BUNDLE_LOADER = "$(TEST_HOST)";
				CODE_SIGN_STYLE = Automatic;
				CURRENT_PROJECT_VERSION = 1;
				DEVELOPMENT_TEAM = SQ8HNCTWC6;
				GENERATE_INFOPLIST_FILE = YES;
				IPHONEOS_DEPLOYMENT_TARGET = 15.5;
				MARKETING_VERSION = 1.0;
				PRODUCT_BUNDLE_IDENTIFIER = Lina.breakmedaddyTests;
				PRODUCT_NAME = "$(TARGET_NAME)";
				SWIFT_EMIT_LOC_STRINGS = NO;
				TARGETED_DEVICE_FAMILY = "1,2";
				TEST_HOST = "$(BUILT_PRODUCTS_DIR)/breakmedaddy.app/breakmedaddy";
			};
			name = Debug;
		};
		8B4E3EE9284B3C95002F539C /* Release */ = {
			isa = XCBuildConfiguration;
			buildSettings = {
				BUNDLE_LOADER = "$(TEST_HOST)";
				CODE_SIGN_STYLE = Automatic;
				CURRENT_PROJECT_VERSION = 1;
				DEVELOPMENT_TEAM = SQ8HNCTWC6;
				GENERATE_INFOPLIST_FILE = YES;
				IPHONEOS_DEPLOYMENT_TARGET = 15.5;
				MARKETING_VERSION = 1.0;
				PRODUCT_BUNDLE_IDENTIFIER = Lina.breakmedaddyTests;
				PRODUCT_NAME = "$(TARGET_NAME)";
				SWIFT_EMIT_LOC_STRINGS = NO;
				TARGETED_DEVICE_FAMILY = "1,2";
				TEST_HOST = "$(BUILT_PRODUCTS_DIR)/breakmedaddy.app/breakmedaddy";
			};
			name = Release;
		};
		8B4E3EEB284B3C95002F539C /* Debug */ = {
			isa = XCBuildConfiguration;
			buildSettings = {
				CODE_SIGN_STYLE = Automatic;
				CURRENT_PROJECT_VERSION = 1;
				DEVELOPMENT_TEAM = SQ8HNCTWC6;
				GENERATE_INFOPLIST_FILE = YES;
				MARKETING_VERSION = 1.0;
				PRODUCT_BUNDLE_IDENTIFIER = Lina.breakmedaddyUITests;
				PRODUCT_NAME = "$(TARGET_NAME)";
				SWIFT_EMIT_LOC_STRINGS = NO;
				TARGETED_DEVICE_FAMILY = "1,2";
				TEST_TARGET_NAME = breakmedaddy;
			};
			name = Debug;
		};
		8B4E3EEC284B3C95002F539C /* Release */ = {
			isa = XCBuildConfiguration;
			buildSettings = {
				CODE_SIGN_STYLE = Automatic;
				CURRENT_PROJECT_VERSION = 1;
				DEVELOPMENT_TEAM = SQ8HNCTWC6;
				GENERATE_INFOPLIST_FILE = YES;
				MARKETING_VERSION = 1.0;
				PRODUCT_BUNDLE_IDENTIFIER = Lina.breakmedaddyUITests;
				PRODUCT_NAME = "$(TARGET_NAME)";
				SWIFT_EMIT_LOC_STRINGS = NO;
				TARGETED_DEVICE_FAMILY = "1,2";
				TEST_TARGET_NAME = breakmedaddy;
			};
			name = Release;
		};
/* End XCBuildConfiguration section */

/* Begin XCConfigurationList section */
		8B4E3EB0284B3C93002F539C /* Build configuration list for PBXProject "breakmedaddy" */ = {
			isa = XCConfigurationList;
			buildConfigurations = (
				8B4E3EE2284B3C95002F539C /* Debug */,
				8B4E3EE3284B3C95002F539C /* Release */,
			);
			defaultConfigurationIsVisible = 0;
			defaultConfigurationName = Release;
		};
		8B4E3EE4284B3C95002F539C /* Build configuration list for PBXNativeTarget "breakmedaddy" */ = {
			isa = XCConfigurationList;
			buildConfigurations = (
				8B4E3EE5284B3C95002F539C /* Debug */,
				8B4E3EE6284B3C95002F539C /* Release */,
			);
			defaultConfigurationIsVisible = 0;
			defaultConfigurationName = Release;
		};
		8B4E3EE7284B3C95002F539C /* Build configuration list for PBXNativeTarget "breakmedaddyTests" */ = {
			isa = XCConfigurationList;
			buildConfigurations = (
				8B4E3EE8284B3C95002F539C /* Debug */,
				8B4E3EE9284B3C95002F539C /* Release */,
			);
			defaultConfigurationIsVisible = 0;
			defaultConfigurationName = Release;
		};
		8B4E3EEA284B3C95002F539C /* Build configuration list for PBXNativeTarget "breakmedaddyUITests" */ = {
			isa = XCConfigurationList;
			buildConfigurations = (
				8B4E3EEB284B3C95002F539C /* Debug */,
				8B4E3EEC284B3C95002F539C /* Release */,
			);
			defaultConfigurationIsVisible = 0;
			defaultConfigurationName = Release;
		};
/* End XCConfigurationList section */
	};
	rootObject = 8B4E3EAD284B3C93002F539C /* Project object */;
}
